{
  "name": "ufmg",
  "lockfileVersion": 3,
  "requires": true,
  "packages": {
    "": {
      "dependencies": {
        "@fontsource/poppins": "^5.2.6"
      }
    },
    "node_modules/@fontsource/poppins": {
      "version": "5.2.6",
      "resolved": "https://registry.npmjs.org/@fontsource/poppins/-/poppins-5.2.6.tgz",
      "integrity": "sha512-NFr0121+vWCfzLDVvSZOzwAjRUaNj6QHA9gtUh/KHHoWf1Qn23EkwVFs63XZ6UtF5K1b3UNmCx77YEMGgV7BOQ==",
      "license": "OFL-1.1",
      "funding": {
        "url": "https://github.com/sponsors/ayuhito"
      }
    }
  }
}
